packages:
  - package: dbt-labs/dbt_utils
    version: 1.3.0
  - git: https://github.com/calogica/dbt-expectations.git
    revision: c7dc2af8e1bd00b24583bea88cd883b88b706aab
  - package: dbt-labs/audit_helper
    version: 0.12.0
  - package: dbt-labs/codegen
    version: 0.12.1
  - package: dbt-labs/dbt_external_tables
    version: 0.9.0
  - package: dbt-labs/dbt_project_evaluator
    version: 0.14.2
  - package: calogica/dbt_date
    version: 0.10.1
sha1_hash: 42f8de5dd2ca164759e798cfb99d9a0ebe070e7c
